# THIS IS AN AUTOGENERATED FILE. DO NOT EDIT THIS FILE DIRECTLY.
# yarn lockfile v1


"@nyaruka/flow-editor@1.6.2":
  version "1.6.2"
  resolved "https://registry.yarnpkg.com/@nyaruka/flow-editor/-/flow-editor-1.6.2.tgz#ad0619bbc73ffa43f221fc44b6b4d10adcf5a504"
  integrity sha512-EKi0xcwPhpfDFl1h6dXns9Ucr6sjyzzAwOCQhkEqr2BpKzHbJYkWDqc4Dcct3PpfY6Kvb8QKhHJmWonhF7L2+A==
  dependencies:
    react "^16.8.6"
    react-dom "^16.8.6"

asap@~2.0.3:
  version "2.0.6"
  resolved "https://registry.yarnpkg.com/asap/-/asap-2.0.6.tgz#e50347611d7e690943208bbdafebcbc2fb866d46"
  integrity sha1-5QNHYR1+aQlDIIu9r+vLwvuGbUY=

coffeescript@1.12.7:
  version "1.12.7"
  resolved "https://registry.yarnpkg.com/coffeescript/-/coffeescript-1.12.7.tgz#e57ee4c4867cf7f606bfc4a0f2d550c0981ddd27"
  integrity sha512-pLXHFxQMPklVoEekowk8b3erNynC+DVJzChxS/LCBBgR6/8AJkHivkm//zbowcfc7BTCAjryuhx6gPqPRfsFoA==

core-js@^1.0.0:
  version "1.2.7"
  resolved "https://registry.yarnpkg.com/core-js/-/core-js-1.2.7.tgz#652294c14651db28fa93bd2d5ff2983a4f08c636"
  integrity sha1-ZSKUwUZR2yj6k70tX/KYOk8IxjY=

encoding@^0.1.11:
  version "0.1.12"
  resolved "https://registry.yarnpkg.com/encoding/-/encoding-0.1.12.tgz#538b66f3ee62cd1ab51ec323829d1f9480c74beb"
  integrity sha1-U4tm8+5izRq1HsMjgp0flIDHS+s=
  dependencies:
    iconv-lite "~0.4.13"

errno@^0.1.1:
  version "0.1.7"
  resolved "https://registry.yarnpkg.com/errno/-/errno-0.1.7.tgz#4684d71779ad39af177e3f007996f7c67c852618"
  integrity sha512-MfrRBDWzIWifgq6tJj60gkAwtLNb6sQPlcFrSOflcP1aFmmruKQ2wRnze/8V6kgyz7H3FF8Npzv78mZ7XLLflg==
  dependencies:
    prr "~1.0.1"

fbjs@^0.8.16:
  version "0.8.17"
  resolved "https://registry.yarnpkg.com/fbjs/-/fbjs-0.8.17.tgz#c4d598ead6949112653d6588b01a5cdcd9f90fdd"
  integrity sha1-xNWY6taUkRJlPWWIsBpc3Nn5D90=
  dependencies:
    core-js "^1.0.0"
    isomorphic-fetch "^2.1.1"
    loose-envify "^1.0.0"
    object-assign "^4.1.0"
    promise "^7.1.1"
    setimmediate "^1.0.5"
    ua-parser-js "^0.7.18"

graceful-fs@^4.1.2:
  version "4.2.0"
  resolved "https://registry.yarnpkg.com/graceful-fs/-/graceful-fs-4.2.0.tgz#8d8fdc73977cb04104721cb53666c1ca64cd328b"
  integrity sha512-jpSvDPV4Cq/bgtpndIWbI5hmYxhQGHPC4d4cqBPb4DLniCfhJokdXhwhaDuLBGLQdvvRum/UiX6ECVIPvDXqdg==

iconv-lite@~0.4.13:
  version "0.4.24"
  resolved "https://registry.yarnpkg.com/iconv-lite/-/iconv-lite-0.4.24.tgz#2022b4b25fbddc21d2f524974a474aafe733908b"
  integrity sha512-v3MXnZAcvnywkTUEZomIActle7RXXeedOR31wwl7VlyoXO4Qi9arvSenNQWne1TcRwhCL1HwLI21bEqdpj8/rA==
  dependencies:
    safer-buffer ">= 2.1.2 < 3"

image-size@~0.5.0:
  version "0.5.5"
  resolved "https://registry.yarnpkg.com/image-size/-/image-size-0.5.5.tgz#09dfd4ab9d20e29eb1c3e80b8990378df9e3cb9c"
  integrity sha1-Cd/Uq50g4p6xw+gLiZA3jfnjy5w=

is-stream@^1.0.1:
  version "1.1.0"
  resolved "https://registry.yarnpkg.com/is-stream/-/is-stream-1.1.0.tgz#12d4a3dd4e68e0b79ceb8dbc84173ae80d91ca44"
  integrity sha1-EtSj3U5o4Lec6428hBc66A2RykQ=

isomorphic-fetch@^2.1.1:
  version "2.2.1"
  resolved "https://registry.yarnpkg.com/isomorphic-fetch/-/isomorphic-fetch-2.2.1.tgz#611ae1acf14f5e81f729507472819fe9733558a9"
  integrity sha1-YRrhrPFPXoH3KVB0coGf6XM1WKk=
  dependencies:
    node-fetch "^1.0.1"
    whatwg-fetch ">=0.10.0"

"js-tokens@^3.0.0 || ^4.0.0":
  version "4.0.0"
  resolved "https://registry.yarnpkg.com/js-tokens/-/js-tokens-4.0.0.tgz#19203fb59991df98e3a287050d4647cdeaf32499"
  integrity sha512-RdJUflcE3cUzKiMqQgsCu06FPu9UdIJO0beYbPhHN4k6apgJtifcoCtT9bcxOpYBtpD2kCM6Sbzg4CausW/PKQ==

less@2.7.1:
  version "2.7.1"
  resolved "https://registry.yarnpkg.com/less/-/less-2.7.1.tgz#6cbfea22b3b830304e9a5fb371d54fa480c9d7cf"
  integrity sha1-bL/qIrO4MDBOml+zcdVPpIDJ188=
  optionalDependencies:
    errno "^0.1.1"
    graceful-fs "^4.1.2"
    image-size "~0.5.0"
    mime "^1.2.11"
    mkdirp "^0.5.0"
    promise "^7.1.1"
    source-map "^0.5.3"

loose-envify@^1.0.0, loose-envify@^1.1.0, loose-envify@^1.4.0:
  version "1.4.0"
  resolved "https://registry.yarnpkg.com/loose-envify/-/loose-envify-1.4.0.tgz#71ee51fa7be4caec1a63839f7e682d8132d30caf"
  integrity sha512-lyuxPGr/Wfhrlem2CL/UcnUc1zcqKAImBDzukY7Y5F/yQiNdko6+fRLevlw1HgMySw7f611UIY408EtxRSoK3Q==
  dependencies:
    js-tokens "^3.0.0 || ^4.0.0"

mime@^1.2.11:
  version "1.6.0"
  resolved "https://registry.yarnpkg.com/mime/-/mime-1.6.0.tgz#32cd9e5c64553bd58d19a568af452acff04981b1"
  integrity sha512-x0Vn8spI+wuJ1O6S7gnbaQg8Pxh4NNHb7KSINmEWKiPE4RKOplvijn+NkmYmmRgP68mc70j2EbeTFRsrswaQeg==

minimist@0.0.8:
  version "0.0.8"
  resolved "https://registry.yarnpkg.com/minimist/-/minimist-0.0.8.tgz#857fcabfc3397d2625b8228262e86aa7a011b05d"
  integrity sha1-hX/Kv8M5fSYluCKCYuhqp6ARsF0=

mkdirp@^0.5.0:
  version "0.5.1"
  resolved "https://registry.yarnpkg.com/mkdirp/-/mkdirp-0.5.1.tgz#30057438eac6cf7f8c4767f38648d6697d75c903"
  integrity sha1-MAV0OOrGz3+MR2fzhkjWaX11yQM=
  dependencies:
    minimist "0.0.8"

node-fetch@^1.0.1:
  version "1.7.3"
  resolved "https://registry.yarnpkg.com/node-fetch/-/node-fetch-1.7.3.tgz#980f6f72d85211a5347c6b2bc18c5b84c3eb47ef"
  integrity sha512-NhZ4CsKx7cYm2vSrBAr2PvFOe6sWDf0UYLRqA6svUYg7+/TSfVAu49jYC4BvQ4Sms9SZgdqGBgroqfDhJdTyKQ==
  dependencies:
    encoding "^0.1.11"
    is-stream "^1.0.1"

object-assign@^4.1.0, object-assign@^4.1.1:
  version "4.1.1"
  resolved "https://registry.yarnpkg.com/object-assign/-/object-assign-4.1.1.tgz#2109adc7965887cfc05cbbd442cac8bfbb360863"
  integrity sha1-IQmtx5ZYh8/AXLvUQsrIv7s2CGM=

promise@^7.1.1:
  version "7.3.1"
  resolved "https://registry.yarnpkg.com/promise/-/promise-7.3.1.tgz#064b72602b18f90f29192b8b1bc418ffd1ebd3bf"
  integrity sha512-nolQXZ/4L+bP/UGlkfaIujX9BKxGwmQ9OT4mOt5yvy8iK1h3wqTEJCijzGANTCCl9nWjY41juyAn2K3Q1hLLTg==
  dependencies:
    asap "~2.0.3"

prop-types@^15.6.0, prop-types@^15.6.2:
  version "15.7.2"
  resolved "https://registry.yarnpkg.com/prop-types/-/prop-types-15.7.2.tgz#52c41e75b8c87e72b9d9360e0206b99dcbffa6c5"
  integrity sha512-8QQikdH7//R2vurIJSutZ1smHYTcLpRWEOlHnzcWHmBYrOGUysKwSsrC89BCiFj3CbrfJ/nXFdJepOVrY1GCHQ==
  dependencies:
    loose-envify "^1.4.0"
    object-assign "^4.1.1"
    react-is "^16.8.1"

prr@~1.0.1:
  version "1.0.1"
  resolved "https://registry.yarnpkg.com/prr/-/prr-1.0.1.tgz#d3fc114ba06995a45ec6893f484ceb1d78f5f476"
  integrity sha1-0/wRS6BplaRexok/SEzrHXj19HY=

react-dom@16.3.3:
  version "16.3.3"
  resolved "https://registry.yarnpkg.com/react-dom/-/react-dom-16.3.3.tgz#af4c2aef9f6a66251a46da50253c860a67ae66d9"
  integrity sha512-ALCp7ZbSGkqRDtQoZozKVNgwXMxbxf/IGOUMC2A0yF6JHeZrS8e2cOotPT87Vf4b7PKCuUVKU4/RDEXxToA/yA==
  dependencies:
    fbjs "^0.8.16"
    loose-envify "^1.1.0"
    object-assign "^4.1.1"
    prop-types "^15.6.0"

react-dom@^16.8.6:
  version "16.8.6"
  resolved "https://registry.yarnpkg.com/react-dom/-/react-dom-16.8.6.tgz#71d6303f631e8b0097f56165ef608f051ff6e10f"
  integrity sha512-1nL7PIq9LTL3fthPqwkvr2zY7phIPjYrT0jp4HjyEQrEROnw4dG41VVwi/wfoCneoleqrNX7iAD+pXebJZwrwA==
  dependencies:
    loose-envify "^1.1.0"
    object-assign "^4.1.1"
    prop-types "^15.6.2"
    scheduler "^0.13.6"

react-is@^16.8.1:
  version "16.8.6"
  resolved "https://registry.yarnpkg.com/react-is/-/react-is-16.8.6.tgz#5bbc1e2d29141c9fbdfed456343fe2bc430a6a16"
  integrity sha512-aUk3bHfZ2bRSVFFbbeVS4i+lNPZr3/WM5jT2J5omUVV1zzcs1nAaf3l51ctA5FFvCRbhrH0bdAsRRQddFJZPtA==

react@16.3.2:
  version "16.3.2"
  resolved "https://registry.yarnpkg.com/react/-/react-16.3.2.tgz#fdc8420398533a1e58872f59091b272ce2f91ea9"
  integrity sha512-o5GPdkhciQ3cEph6qgvYB7LTOHw/GB0qRI6ZFNugj49qJCFfgHwVNjZ5u+b7nif4vOeMIOuYj3CeYe2IBD74lg==
  dependencies:
    fbjs "^0.8.16"
    loose-envify "^1.1.0"
    object-assign "^4.1.1"
    prop-types "^15.6.0"

react@^16.8.6:
  version "16.8.6"
  resolved "https://registry.yarnpkg.com/react/-/react-16.8.6.tgz#ad6c3a9614fd3a4e9ef51117f54d888da01f2bbe"
  integrity sha512-pC0uMkhLaHm11ZSJULfOBqV4tIZkx87ZLvbbQYunNixAAvjnC+snJCg0XQXn9VIsttVsbZP/H/ewzgsd5fxKXw==
  dependencies:
    loose-envify "^1.1.0"
    object-assign "^4.1.1"
    prop-types "^15.6.2"
    scheduler "^0.13.6"

"safer-buffer@>= 2.1.2 < 3":
  version "2.1.2"
  resolved "https://registry.yarnpkg.com/safer-buffer/-/safer-buffer-2.1.2.tgz#44fa161b0187b9549dd84bb91802f9bd8385cd6a"
  integrity sha512-YZo3K82SD7Riyi0E1EQPojLz7kpepnSQI9IyPbHHg1XXXevb5dJI7tpyN2ADxGcQbHG7vcyRHk0cbwqcQriUtg==

scheduler@^0.13.6:
  version "0.13.6"
  resolved "https://registry.yarnpkg.com/scheduler/-/scheduler-0.13.6.tgz#466a4ec332467b31a91b9bf74e5347072e4cd889"
  integrity sha512-IWnObHt413ucAYKsD9J1QShUKkbKLQQHdxRyw73sw4FN26iWr3DY/H34xGPe4nmL1DwXyWmSWmMrA9TfQbE/XQ==
  dependencies:
    loose-envify "^1.1.0"
    object-assign "^4.1.1"

setimmediate@^1.0.5:
  version "1.0.5"
  resolved "https://registry.yarnpkg.com/setimmediate/-/setimmediate-1.0.5.tgz#290cbb232e306942d7d7ea9b83732ab7856f8285"
  integrity sha1-KQy7Iy4waULX1+qbg3Mqt4VvgoU=

source-map@^0.5.3:
  version "0.5.7"
  resolved "https://registry.yarnpkg.com/source-map/-/source-map-0.5.7.tgz#8a039d2d1021d22d1ea14c80d8ea468ba2ef3fcc"
  integrity sha1-igOdLRAh0i0eoUyA2OpGi6LvP8w=

ua-parser-js@^0.7.18:
  version "0.7.20"
  resolved "https://registry.yarnpkg.com/ua-parser-js/-/ua-parser-js-0.7.20.tgz#7527178b82f6a62a0f243d1f94fd30e3e3c21098"
  integrity sha512-8OaIKfzL5cpx8eCMAhhvTlft8GYF8b2eQr6JkCyVdrgjcytyOmPCXrqXFcUnhonRpLlh5yxEZVohm6mzaowUOw==

whatwg-fetch@>=0.10.0:
  version "3.0.0"
  resolved "https://registry.yarnpkg.com/whatwg-fetch/-/whatwg-fetch-3.0.0.tgz#fc804e458cc460009b1a2b966bc8817d2578aefb"
  integrity sha512-9GSJUgz1D4MfyKU7KRqwOjXCXTqWdFNvEr7eUBYchQiVc744mqK/MzXPNR2WsPkmkOa4ywfg8C2n8h+13Bey1Q==
